schema: '2.0'
stages:
  data_ingestion:
    cmd: python Experiments/Src/data_ingestion.py
    deps:
    - path: Experiments/Src/data_ingestion.py
      hash: md5
      md5: 752c0068d68151d4be8299c757f266a6
      size: 4217
    params:
      params.yaml:
        data_ingestion.test_size: 0.3
    outs:
    - path: data/raw
      hash: md5
      md5: d26befd2dda9438254177d9000d9ba1f.dir
      size: 484846
      nfiles: 2
  data_preprocessing:
    cmd: python Experiments/Src/data_preprocessing.py
    deps:
    - path: Experiments/Src/data_preprocessing.py
      hash: md5
      md5: ae0059b79590609927f72e3c373f1865
      size: 3973
    - path: data/raw
      hash: md5
      md5: d26befd2dda9438254177d9000d9ba1f.dir
      size: 484846
      nfiles: 2
    outs:
    - path: data/interim
      hash: md5
      md5: 61ca13b2e20854a1f7bacbbcfeca409e.dir
      size: 262513
      nfiles: 2
  feature_engineering:
    cmd: python Experiments/Src/feature_engineering.py
    deps:
    - path: Experiments/Src/feature_engineering.py
      hash: md5
      md5: c8063b4d946a1e9cb9c8a410ce607fb9
      size: 4476
    - path: data/interim
      hash: md5
      md5: 61ca13b2e20854a1f7bacbbcfeca409e.dir
      size: 262513
      nfiles: 2
    params:
      params.yaml:
        feature_engineering.max_features: 21
    outs:
    - path: data/processed
      hash: md5
      md5: 6eb62a39003e2333ffcb23c3c41f94a2.dir
      size: 511605
      nfiles: 2
  model_building:
    cmd: python Experiments/Src/model_building.py
    deps:
    - path: Experiments/Src/model_building.py
      hash: md5
      md5: 7348c14296039ca62c90a20466b252d3
      size: 5049
    - path: data/processed
      hash: md5
      md5: 6eb62a39003e2333ffcb23c3c41f94a2.dir
      size: 511605
      nfiles: 2
    params:
      params.yaml:
        model_building.n_estimators: 25
        model_building.random_state: 42
    outs:
    - path: models/model.pkl
      hash: md5
      md5: 289d73eaa3dee3f6835b6fccca6cbabb
      size: 512611
  model_evaluation:
    cmd: python Experiments/Src/model_evaluation.py
    deps:
    - path: Experiments/Src/model_evaluation.py
      hash: md5
      md5: 1a3491ec504bc68b8af77b0c570bcba9
      size: 4640
    - path: models/model.pkl
      hash: md5
      md5: 289d73eaa3dee3f6835b6fccca6cbabb
      size: 512611
    outs:
    - path: reports/metrics.json
      hash: md5
      md5: 5e88385edfd51f9fbeeaa90aba958240
      size: 145
